// !$*UTF8*$!
{
	archiveVersion = 1;
	classes = {
	};
	objectVersion = 56;
	objects = {

/* Begin PBXBuildFile section */
		B52360DF292BC9A600AB4721 /* AppDelegate.swift in Sources */ = {isa = PBXBuildFile; fileRef = B52360DE292BC9A600AB4721 /* AppDelegate.swift */; };
		B52360E1292BC9A600AB4721 /* SceneDelegate.swift in Sources */ = {isa = PBXBuildFile; fileRef = B52360E0292BC9A600AB4721 /* SceneDelegate.swift */; };
		B52360E3292BC9A600AB4721 /* ViewController.swift in Sources */ = {isa = PBXBuildFile; fileRef = B52360E2292BC9A600AB4721 /* ViewController.swift */; };
		B52360E6292BC9A600AB4721 /* Main.storyboard in Resources */ = {isa = PBXBuildFile; fileRef = B52360E4292BC9A600AB4721 /* Main.storyboard */; };
		B52360E8292BC9A900AB4721 /* Assets.xcassets in Resources */ = {isa = PBXBuildFile; fileRef = B52360E7292BC9A900AB4721 /* Assets.xcassets */; };
		B52360EB292BC9A900AB4721 /* LaunchScreen.storyboard in Resources */ = {isa = PBXBuildFile; fileRef = B52360E9292BC9A900AB4721 /* LaunchScreen.storyboard */; };
		B52360FB292BCEA600AB4721 /* arrow-down-black.png in Resources */ = {isa = PBXBuildFile; fileRef = B52360F3292BCEA600AB4721 /* arrow-down-black.png */; };
		B52360FC292BCEA600AB4721 /* arrow-right-black.png in Resources */ = {isa = PBXBuildFile; fileRef = B52360F4292BCEA600AB4721 /* arrow-right-black.png */; };
		B52360FD292BCEA600AB4721 /* arrow-left-red.png in Resources */ = {isa = PBXBuildFile; fileRef = B52360F5292BCEA600AB4721 /* arrow-left-red.png */; };
		B52360FE292BCEA600AB4721 /* arrow-down-red.png in Resources */ = {isa = PBXBuildFile; fileRef = B52360F6292BCEA600AB4721 /* arrow-down-red.png */; };
		B52360FF292BCEA600AB4721 /* arrow-left-black.png in Resources */ = {isa = PBXBuildFile; fileRef = B52360F7292BCEA600AB4721 /* arrow-left-black.png */; };
		B5236100292BCEA600AB4721 /* arrow-up-black.png in Resources */ = {isa = PBXBuildFile; fileRef = B52360F8292BCEA600AB4721 /* arrow-up-black.png */; };
		B5236101292BCEA600AB4721 /* arrow-up-red.png in Resources */ = {isa = PBXBuildFile; fileRef = B52360F9292BCEA600AB4721 /* arrow-up-red.png */; };
		B5236102292BCEA600AB4721 /* arrow-right-red.png in Resources */ = {isa = PBXBuildFile; fileRef = B52360FA292BCEA600AB4721 /* arrow-right-red.png */; };
/* End PBXBuildFile section */

/* Begin PBXFileReference section */
		B52360DB292BC9A600AB4721 /* SwipeGesture.app */ = {isa = PBXFileReference; explicitFileType = wrapper.application; includeInIndex = 0; path = SwipeGesture.app; sourceTree = BUILT_PRODUCTS_DIR; };
		B52360DE292BC9A600AB4721 /* AppDelegate.swift */ = {isa = PBXFileReference; lastKnownFileType = sourcecode.swift; path = AppDelegate.swift; sourceTree = "<group>"; };
		B52360E0292BC9A600AB4721 /* SceneDelegate.swift */ = {isa = PBXFileReference; lastKnownFileType = sourcecode.swift; path = SceneDelegate.swift; sourceTree = "<group>"; };
		B52360E2292BC9A600AB4721 /* ViewController.swift */ = {isa = PBXFileReference; lastKnownFileType = sourcecode.swift; path = ViewController.swift; sourceTree = "<group>"; };
		B52360E5292BC9A600AB4721 /* Base */ = {isa = PBXFileReference; lastKnownFileType = file.storyboard; name = Base; path = Base.lproj/Main.storyboard; sourceTree = "<group>"; };
		B52360E7292BC9A900AB4721 /* Assets.xcassets */ = {isa = PBXFileReference; lastKnownFileType = folder.assetcatalog; path = Assets.xcassets; sourceTree = "<group>"; };
		B52360EA292BC9A900AB4721 /* Base */ = {isa = PBXFileReference; lastKnownFileType = file.storyboard; name = Base; path = Base.lproj/LaunchScreen.storyboard; sourceTree = "<group>"; };
		B52360EC292BC9A900AB4721 /* Info.plist */ = {isa = PBXFileReference; lastKnownFileType = text.plist.xml; path = Info.plist; sourceTree = "<group>"; };
		B52360F3292BCEA600AB4721 /* arrow-down-black.png */ = {isa = PBXFileReference; lastKnownFileType = image.png; path = "arrow-down-black.png"; sourceTree = "<group>"; };
		B52360F4292BCEA600AB4721 /* arrow-right-black.png */ = {isa = PBXFileReference; lastKnownFileType = image.png; path = "arrow-right-black.png"; sourceTree = "<group>"; };
		B52360F5292BCEA600AB4721 /* arrow-left-red.png */ = {isa = PBXFileReference; lastKnownFileType = image.png; path = "arrow-left-red.png"; sourceTree = "<group>"; };
		B52360F6292BCEA600AB4721 /* arrow-down-red.png */ = {isa = PBXFileReference; lastKnownFileType = image.png; path = "arrow-down-red.png"; sourceTree = "<group>"; };
		B52360F7292BCEA600AB4721 /* arrow-left-black.png */ = {isa = PBXFileReference; lastKnownFileType = image.png; path = "arrow-left-black.png"; sourceTree = "<group>"; };
		B52360F8292BCEA600AB4721 /* arrow-up-black.png */ = {isa = PBXFileReference; lastKnownFileType = image.png; path = "arrow-up-black.png"; sourceTree = "<group>"; };
		B52360F9292BCEA600AB4721 /* arrow-up-red.png */ = {isa = PBXFileReference; lastKnownFileType = image.png; path = "arrow-up-red.png"; sourceTree = "<group>"; };
		B52360FA292BCEA600AB4721 /* arrow-right-red.png */ = {isa = PBXFileReference; lastKnownFileType = image.png; path = "arrow-right-red.png"; sourceTree = "<group>"; };
/* End PBXFileReference section */

/* Begin PBXFrameworksBuildPhase section */
		B52360D8292BC9A600AB4721 /* Frameworks */ = {
			isa = PBXFrameworksBuildPhase;
			buildActionMask = 2147483647;
			files = (
			);
			runOnlyForDeploymentPostprocessing = 0;
		};
/* End PBXFrameworksBuildPhase section */

/* Begin PBXGroup section */
		B52360D2292BC9A600AB4721 = {
			isa = PBXGroup;
			children = (
				B52360DD292BC9A600AB4721 /* SwipeGesture */,
				B52360DC292BC9A600AB4721 /* Products */,
			);
			sourceTree = "<group>";
		};
		B52360DC292BC9A600AB4721 /* Products */ = {
			isa = PBXGroup;
			children = (
				B52360DB292BC9A600AB4721 /* SwipeGesture.app */,
			);
			name = Products;
			sourceTree = "<group>";
		};
		B52360DD292BC9A600AB4721 /* SwipeGesture */ = {
			isa = PBXGroup;
			children = (
				B52360F2292BCE9A00AB4721 /* images */,
				B52360DE292BC9A600AB4721 /* AppDelegate.swift */,
				B52360E0292BC9A600AB4721 /* SceneDelegate.swift */,
				B52360E2292BC9A600AB4721 /* ViewController.swift */,
				B52360E4292BC9A600AB4721 /* Main.storyboard */,
				B52360E7292BC9A900AB4721 /* Assets.xcassets */,
				B52360E9292BC9A900AB4721 /* LaunchScreen.storyboard */,
				B52360EC292BC9A900AB4721 /* Info.plist */,
			);
			path = SwipeGesture;
			sourceTree = "<group>";
		};
		B52360F2292BCE9A00AB4721 /* images */ = {
			isa = PBXGroup;
			children = (
				B52360F3292BCEA600AB4721 /* arrow-down-black.png */,
				B52360F6292BCEA600AB4721 /* arrow-down-red.png */,
				B52360F7292BCEA600AB4721 /* arrow-left-black.png */,
				B52360F5292BCEA600AB4721 /* arrow-left-red.png */,
				B52360F4292BCEA600AB4721 /* arrow-right-black.png */,
				B52360FA292BCEA600AB4721 /* arrow-right-red.png */,
				B52360F8292BCEA600AB4721 /* arrow-up-black.png */,
				B52360F9292BCEA600AB4721 /* arrow-up-red.png */,
			);
			path = images;
			sourceTree = "<group>";
		};
/* End PBXGroup section */

/* Begin PBXNativeTarget section */
		B52360DA292BC9A600AB4721 /* SwipeGesture */ = {
			isa = PBXNativeTarget;
			buildConfigurationList = B52360EF292BC9A900AB4721 /* Build configuration list for PBXNativeTarget "SwipeGesture" */;
			buildPhases = (
				B52360D7292BC9A600AB4721 /* Sources */,
				B52360D8292BC9A600AB4721 /* Frameworks */,
				B52360D9292BC9A600AB4721 /* Resources */,
			);
			buildRules = (
			);
			dependencies = (
			);
			name = SwipeGesture;
			productName = SwipeGesture;
			productReference = B52360DB292BC9A600AB4721 /* SwipeGesture.app */;
			productType = "com.apple.product-type.application";
		};
/* End PBXNativeTarget section */

/* Begin PBXProject section */
		B52360D3292BC9A600AB4721 /* Project object */ = {
			isa = PBXProject;
			attributes = {
				BuildIndependentTargetsInParallel = 1;
				LastSwiftUpdateCheck = 1400;
				LastUpgradeCheck = 1400;
				TargetAttributes = {
					B52360DA292BC9A600AB4721 = {
						CreatedOnToolsVersion = 14.0.1;
					};
				};
			};
			buildConfigurationList = B52360D6292BC9A600AB4721 /* Build configuration list for PBXProject "SwipeGesture" */;
			compatibilityVersion = "Xcode 14.0";
			developmentRegion = en;
			hasScannedForEncodings = 0;
			knownRegions = (
				en,
				Base,
			);
			mainGroup = B52360D2292BC9A600AB4721;
			productRefGroup = B52360DC292BC9A600AB4721 /* Products */;
			projectDirPath = "";
			projectRoot = "";
			targets = (
				B52360DA292BC9A600AB4721 /* SwipeGesture */,
			);
		};
/* End PBXProject section */

/* Begin PBXResourcesBuildPhase section */
		B52360D9292BC9A600AB4721 /* Resources */ = {
			isa = PBXResourcesBuildPhase;
			buildActionMask = 2147483647;
			files = (
				B5236102292BCEA600AB4721 /* arrow-right-red.png in Resources */,
				B5236101292BCEA600AB4721 /* arrow-up-red.png in Resources */,
				B52360FD292BCEA600AB4721 /* arrow-left-red.png in Resources */,
				B52360EB292BC9A900AB4721 /* LaunchScreen.storyboard in Resources */,
				B5236100292BCEA600AB4721 /* arrow-up-black.png in Resources */,
				B52360FB292BCEA600AB4721 /* arrow-down-black.png in Resources */,
				B52360E8292BC9A900AB4721 /* Assets.xcassets in Resources */,
				B52360FF292BCEA600AB4721 /* arrow-left-black.png in Resources */,
				B52360FC292BCEA600AB4721 /* arrow-right-black.png in Resources */,
				B52360E6292BC9A600AB4721 /* Main.storyboard in Resources */,
				B52360FE292BCEA600AB4721 /* arrow-down-red.png in Resources */,
			);
			runOnlyForDeploymentPostprocessing = 0;
		};
/* End PBXResourcesBuildPhase section */

/* Begin PBXSourcesBuildPhase section */
		B52360D7292BC9A600AB4721 /* Sources */ = {
			isa = PBXSourcesBuildPhase;
			buildActionMask = 2147483647;
			files = (
				B52360E3292BC9A600AB4721 /* ViewController.swift in Sources */,
				B52360DF292BC9A600AB4721 /* AppDelegate.swift in Sources */,
				B52360E1292BC9A600AB4721 /* SceneDelegate.swift in Sources */,
			);
			runOnlyForDeploymentPostprocessing = 0;
		};
/* End PBXSourcesBuildPhase section */

/* Begin PBXVariantGroup section */
		B52360E4292BC9A600AB4721 /* Main.storyboard */ = {
			isa = PBXVariantGroup;
			children = (
				B52360E5292BC9A600AB4721 /* Base */,
			);
			name = Main.storyboard;
			sourceTree = "<group>";
		};
		B52360E9292BC9A900AB4721 /* LaunchScreen.storyboard */ = {
			isa = PBXVariantGroup;
			children = (
				B52360EA292BC9A900AB4721 /* Base */,
			);
			name = LaunchScreen.storyboard;
			sourceTree = "<group>";
		};
/* End PBXVariantGroup section */

/* Begin XCBuildConfiguration section */
		B52360ED292BC9A900AB4721 /* Debug */ = {
			isa = XCBuildConfiguration;
			buildSettings = {
				ALWAYS_SEARCH_USER_PATHS = NO;
				CLANG_ANALYZER_NONNULL = YES;
				CLANG_ANALYZER_NUMBER_OBJECT_CONVERSION = YES_AGGRESSIVE;
				CLANG_CXX_LANGUAGE_STANDARD = "gnu++20";
				CLANG_ENABLE_MODULES = YES;
				CLANG_ENABLE_OBJC_ARC = YES;
				CLANG_ENABLE_OBJC_WEAK = YES;
				CLANG_WARN_BLOCK_CAPTURE_AUTORELEASING = YES;
				CLANG_WARN_BOOL_CONVERSION = YES;
				CLANG_WARN_COMMA = YES;
				CLANG_WARN_CONSTANT_CONVERSION = YES;
				CLANG_WARN_DEPRECATED_OBJC_IMPLEMENTATIONS = YES;
				CLANG_WARN_DIRECT_OBJC_ISA_USAGE = YES_ERROR;
				CLANG_WARN_DOCUMENTATION_COMMENTS = YES;
				CLANG_WARN_EMPTY_BODY = YES;
				CLANG_WARN_ENUM_CONVERSION = YES;
				CLANG_WARN_INFINITE_RECURSION = YES;
				CLANG_WARN_INT_CONVERSION = YES;
				CLANG_WARN_NON_LITERAL_NULL_CONVERSION = YES;
				CLANG_WARN_OBJC_IMPLICIT_RETAIN_SELF = YES;
				CLANG_WARN_OBJC_LITERAL_CONVERSION = YES;
				CLANG_WARN_OBJC_ROOT_CLASS = YES_ERROR;
				CLANG_WARN_QUOTED_INCLUDE_IN_FRAMEWORK_HEADER = YES;
				CLANG_WARN_RANGE_LOOP_ANALYSIS = YES;
				CLANG_WARN_STRICT_PROTOTYPES = YES;
				CLANG_WARN_SUSPICIOUS_MOVE = YES;
				CLANG_WARN_UNGUARDED_AVAILABILITY = YES_AGGRESSIVE;
				CLANG_WARN_UNREACHABLE_CODE = YES;
				CLANG_WARN__DUPLICATE_METHOD_MATCH = YES;
				COPY_PHASE_STRIP = NO;
				DEBUG_INFORMATION_FORMAT = dwarf;
				ENABLE_STRICT_OBJC_MSGSEND = YES;
				ENABLE_TESTABILITY = YES;
				GCC_C_LANGUAGE_STANDARD = gnu11;
				GCC_DYNAMIC_NO_PIC = NO;
				GCC_NO_COMMON_BLOCKS = YES;
				GCC_OPTIMIZATION_LEVEL = 0;
				GCC_PREPROCESSOR_DEFINITIONS = (
					"DEBUG=1",
					"$(inherited)",
				);
				GCC_WARN_64_TO_32_BIT_CONVERSION = YES;
				GCC_WARN_ABOUT_RETURN_TYPE = YES_ERROR;
				GCC_WARN_UNDECLARED_SELECTOR = YES;
				GCC_WARN_UNINITIALIZED_AUTOS = YES_AGGRESSIVE;
				GCC_WARN_UNUSED_FUNCTION = YES;
				GCC_WARN_UNUSED_VARIABLE = YES;
				IPHONEOS_DEPLOYMENT_TARGET = 16.0;
				MTL_ENABLE_DEBUG_INFO = INCLUDE_SOURCE;
				MTL_FAST_MATH = YES;
				ONLY_ACTIVE_ARCH = YES;
				SDKROOT = iphoneos;
				SWIFT_ACTIVE_COMPILATION_CONDITIONS = DEBUG;
				SWIFT_OPTIMIZATION_LEVEL = "-Onone";
			};
			name = Debug;
		};
		B52360EE292BC9A900AB4721 /* Release */ = {
			isa = XCBuildConfiguration;
			buildSettings = {
				ALWAYS_SEARCH_USER_PATHS = NO;
				CLANG_ANALYZER_NONNULL = YES;
				CLANG_ANALYZER_NUMBER_OBJECT_CONVERSION = YES_AGGRESSIVE;
				CLANG_CXX_LANGUAGE_STANDARD = "gnu++20";
				CLANG_ENABLE_MODULES = YES;
				CLANG_ENABLE_OBJC_ARC = YES;
				CLANG_ENABLE_OBJC_WEAK = YES;
				CLANG_WARN_BLOCK_CAPTURE_AUTORELEASING = YES;
				CLANG_WARN_BOOL_CONVERSION = YES;
				CLANG_WARN_COMMA = YES;
				CLANG_WARN_CONSTANT_CONVERSION = YES;
				CLANG_WARN_DEPRECATED_OBJC_IMPLEMENTATIONS = YES;
				CLANG_WARN_DIRECT_OBJC_ISA_USAGE = YES_ERROR;
				CLANG_WARN_DOCUMENTATION_COMMENTS = YES;
				CLANG_WARN_EMPTY_BODY = YES;
				CLANG_WARN_ENUM_CONVERSION = YES;
				CLANG_WARN_INFINITE_RECURSION = YES;
				CLANG_WARN_INT_CONVERSION = YES;
				CLANG_WARN_NON_LITERAL_NULL_CONVERSION = YES;
				CLANG_WARN_OBJC_IMPLICIT_RETAIN_SELF = YES;
				CLANG_WARN_OBJC_LITERAL_CONVERSION = YES;
				CLANG_WARN_OBJC_ROOT_CLASS = YES_ERROR;
				CLANG_WARN_QUOTED_INCLUDE_IN_FRAMEWORK_HEADER = YES;
				CLANG_WARN_RANGE_LOOP_ANALYSIS = YES;
				CLANG_WARN_STRICT_PROTOTYPES = YES;
				CLANG_WARN_SUSPICIOUS_MOVE = YES;
				CLANG_WARN_UNGUARDED_AVAILABILITY = YES_AGGRESSIVE;
				CLANG_WARN_UNREACHABLE_CODE = YES;
				CLANG_WARN__DUPLICATE_METHOD_MATCH = YES;
				COPY_PHASE_STRIP = NO;
				DEBUG_INFORMATION_FORMAT = "dwarf-with-dsym";
				ENABLE_NS_ASSERTIONS = NO;
				ENABLE_STRICT_OBJC_MSGSEND = YES;
				GCC_C_LANGUAGE_STANDARD = gnu11;
				GCC_NO_COMMON_BLOCKS = YES;
				GCC_WARN_64_TO_32_BIT_CONVERSION = YES;
				GCC_WARN_ABOUT_RETURN_TYPE = YES_ERROR;
				GCC_WARN_UNDECLARED_SELECTOR = YES;
				GCC_WARN_UNINITIALIZED_AUTOS = YES_AGGRESSIVE;
				GCC_WARN_UNUSED_FUNCTION = YES;
				GCC_WARN_UNUSED_VARIABLE = YES;
				IPHONEOS_DEPLOYMENT_TARGET = 16.0;
				MTL_ENABLE_DEBUG_INFO = NO;
				MTL_FAST_MATH = YES;
				SDKROOT = iphoneos;
				SWIFT_COMPILATION_MODE = wholemodule;
				SWIFT_OPTIMIZATION_LEVEL = "-O";
				VALIDATE_PRODUCT = YES;
			};
			name = Release;
		};
		B52360F0292BC9A900AB4721 /* Debug */ = {
			isa = XCBuildConfiguration;
			buildSettings = {
				ASSETCATALOG_COMPILER_APPICON_NAME = AppIcon;
				ASSETCATALOG_COMPILER_GLOBAL_ACCENT_COLOR_NAME = AccentColor;
				CODE_SIGN_STYLE = Automatic;
				CURRENT_PROJECT_VERSION = 1;
				GENERATE_INFOPLIST_FILE = YES;
				INFOPLIST_FILE = SwipeGesture/Info.plist;
				INFOPLIST_KEY_UIApplicationSupportsIndirectInputEvents = YES;
				INFOPLIST_KEY_UILaunchStoryboardName = LaunchScreen;
				INFOPLIST_KEY_UIMainStoryboardFile = Main;
				INFOPLIST_KEY_UISupportedInterfaceOrientations_iPad = "UIInterfaceOrientationPortrait UIInterfaceOrientationPortraitUpsideDown UIInterfaceOrientationLandscapeLeft UIInterfaceOrientationLandscapeRight";
				INFOPLIST_KEY_UISupportedInterfaceOrientations_iPhone = "UIInterfaceOrientationPortrait UIInterfaceOrientationLandscapeLeft UIInterfaceOrientationLandscapeRight";
				LD_RUNPATH_SEARCH_PATHS = (
					"$(inherited)",
					"@executable_path/Frameworks",
				);
				MARKETING_VERSION = 1.0;
				PRODUCT_BUNDLE_IDENTIFIER = net.hjsong.SwipeGesture;
				PRODUCT_NAME = "$(TARGET_NAME)";
				SWIFT_EMIT_LOC_STRINGS = YES;
				SWIFT_VERSION = 5.0;
				TARGETED_DEVICE_FAMILY = "1,2";
			};
			name = Debug;
		};
		B52360F1292BC9A900AB4721 /* Release */ = {
			isa = XCBuildConfiguration;
			buildSettings = {
				ASSETCATALOG_COMPILER_APPICON_NAME = AppIcon;
				ASSETCATALOG_COMPILER_GLOBAL_ACCENT_COLOR_NAME = AccentColor;
				CODE_SIGN_STYLE = Automatic;
				CURRENT_PROJECT_VERSION = 1;
				GENERATE_INFOPLIST_FILE = YES;
				INFOPLIST_FILE = SwipeGesture/Info.plist;
				INFOPLIST_KEY_UIApplicationSupportsIndirectInputEvents = YES;
				INFOPLIST_KEY_UILaunchStoryboardName = LaunchScreen;
				INFOPLIST_KEY_UIMainStoryboardFile = Main;
				INFOPLIST_KEY_UISupportedInterfaceOrientations_iPad = "UIInterfaceOrientationPortrait UIInterfaceOrientationPortraitUpsideDown UIInterfaceOrientationLandscapeLeft UIInterfaceOrientationLandscapeRight";
				INFOPLIST_KEY_UISupportedInterfaceOrientations_iPhone = "UIInterfaceOrientationPortrait UIInterfaceOrientationLandscapeLeft UIInterfaceOrientationLandscapeRight";
				LD_RUNPATH_SEARCH_PATHS = (
					"$(inherited)",
					"@executable_path/Frameworks",
				);
				MARKETING_VERSION = 1.0;
				PRODUCT_BUNDLE_IDENTIFIER = net.hjsong.SwipeGesture;
				PRODUCT_NAME = "$(TARGET_NAME)";
				SWIFT_EMIT_LOC_STRINGS = YES;
				SWIFT_VERSION = 5.0;
				TARGETED_DEVICE_FAMILY = "1,2";
			};
			name = Release;
		};
/* End XCBuildConfiguration section */

/* Begin XCConfigurationList section */
		B52360D6292BC9A600AB4721 /* Build configuration list for PBXProject "SwipeGesture" */ = {
			isa = XCConfigurationList;
			buildConfigurations = (
				B52360ED292BC9A900AB4721 /* Debug */,
				B52360EE292BC9A900AB4721 /* Release */,
			);
			defaultConfigurationIsVisible = 0;
			defaultConfigurationName = Release;
		};
		B52360EF292BC9A900AB4721 /* Build configuration list for PBXNativeTarget "SwipeGesture" */ = {
			isa = XCConfigurationList;
			buildConfigurations = (
				B52360F0292BC9A900AB4721 /* Debug */,
				B52360F1292BC9A900AB4721 /* Release */,
			);
			defaultConfigurationIsVisible = 0;
			defaultConfigurationName = Release;
		};
/* End XCConfigurationList section */
	};
	rootObject = B52360D3292BC9A600AB4721 /* Project object */;
}
